<?xml version="1.0" encoding="utf-8"?>
<Project ToolsVersion="4.0" xmlns="http://schemas.microsoft.com/developer/msbuild/2003">
  <ItemGroup>
    <Filter Include="win32">
      <UniqueIdentifier>{84a8ebd7-7cf0-47f6-b75e-d441df67da40}</UniqueIdentifier>
    </Filter>
    <Filter Include="resource">
      <UniqueIdentifier>{715254bc-d70b-4ec5-bf29-467dd3ace079}</UniqueIdentifier>
    </Filter>
    <Filter Include="src">
      <UniqueIdentifier>{bb6c862e-70e9-49d9-81b7-3829a6f50471}</UniqueIdentifier>
    </Filter>
    <Filter Include="src\Input">
      <UniqueIdentifier>{e990ba31-203a-4f12-84ec-00225e63a6d1}</UniqueIdentifier>
    </Filter>
    <Filter Include="src\Layer">
      <UniqueIdentifier>{f75822d6-d4c9-416f-b100-cb8a3d36f880}</UniqueIdentifier>
    </Filter>
    <Filter Include="src\Unit">
      <UniqueIdentifier>{8888cf03-369c-44bb-8b09-4a1eb64f5178}</UniqueIdentifier>
    </Filter>
    <Filter Include="src\etc">
      <UniqueIdentifier>{764f7fb4-b3e6-4990-b3d9-6386b17ae7df}</UniqueIdentifier>
    </Filter>
    <Filter Include="src\Resources">
      <UniqueIdentifier>{d2d0b842-76a2-4cbc-a577-a46270ab39d6}</UniqueIdentifier>
    </Filter>
    <Filter Include="src\Resources\Map">
      <UniqueIdentifier>{3f8e27bc-a16c-4cdb-9e4d-10d3770d239d}</UniqueIdentifier>
    </Filter>
    <Filter Include="src\Resources\Bitmap">
      <UniqueIdentifier>{3ea464cd-6abc-4a6f-b5e5-cbe19afd644a}</UniqueIdentifier>
    </Filter>
    <Filter Include="src\AI">
      <UniqueIdentifier>{3110a3ea-ba76-48e3-8cbd-e217d0386bf0}</UniqueIdentifier>
    </Filter>
    <Filter Include="src\AI\MapTree">
      <UniqueIdentifier>{ae222686-c510-4696-ae01-2d9822f459d1}</UniqueIdentifier>
    </Filter>
  </ItemGroup>
  <ItemGroup>
    <ClCompile Include="main.cpp">
      <Filter>win32</Filter>
    </ClCompile>
    <ClCompile Include="..\Classes\Unit.cpp">
      <Filter>src\Unit</Filter>
    </ClCompile>
    <ClCompile Include="..\Classes\UnitAnimation.cpp">
      <Filter>src\Unit</Filter>
    </ClCompile>
    <ClCompile Include="..\Classes\UnitWeapon.cpp">
      <Filter>src\Unit</Filter>
    </ClCompile>
    <ClCompile Include="..\Classes\KeyboardManager.cpp">
      <Filter>src\Input</Filter>
    </ClCompile>
    <ClCompile Include="..\Classes\UnitLayer.cpp">
      <Filter>src\Layer</Filter>
    </ClCompile>
    <ClCompile Include="..\Classes\InputManager.cpp">
      <Filter>src\Input</Filter>
    </ClCompile>
    <ClCompile Include="..\Classes\AppDelegate.cpp">
      <Filter>src\etc</Filter>
    </ClCompile>
    <ClCompile Include="..\Classes\HelloWorldScene.cpp">
      <Filter>src\etc</Filter>
    </ClCompile>
    <ClCompile Include="..\Classes\MouseManager.cpp">
      <Filter>src\Input</Filter>
    </ClCompile>
    <ClCompile Include="..\Classes\PlayerUnitManager.cpp">
      <Filter>src\Unit</Filter>
    </ClCompile>
    <ClCompile Include="..\Classes\UnitManager.cpp">
      <Filter>src\Unit</Filter>
    </ClCompile>
    <ClCompile Include="..\Classes\BackGroundLayer.cpp">
      <Filter>src\Layer</Filter>
    </ClCompile>
    <ClCompile Include="..\Classes\PickingManager.cpp">
      <Filter>src\etc</Filter>
    </ClCompile>
    <ClCompile Include="..\Classes\ResourcesManager.cpp">
      <Filter>src\Resources</Filter>
    </ClCompile>
    <ClCompile Include="..\Classes\BitmapFileLoadManager.cpp">
      <Filter>src\Resources\Bitmap</Filter>
    </ClCompile>
    <ClCompile Include="..\Classes\Bitmap.cpp">
      <Filter>src\Resources\Bitmap</Filter>
    </ClCompile>
    <ClCompile Include="..\Classes\BitmapManager.cpp">
      <Filter>src\Resources\Bitmap</Filter>
    </ClCompile>
    <ClCompile Include="..\Classes\BitmapColorKeyConverter.cpp">
      <Filter>src\Resources\Bitmap</Filter>
    </ClCompile>
    <ClCompile Include="..\Classes\MapFileInfo.cpp">
      <Filter>src\Resources\Map</Filter>
    </ClCompile>
    <ClCompile Include="..\Classes\StarcraftMapCreator.cpp">
      <Filter>src\Resources\Bitmap</Filter>
    </ClCompile>
    <ClCompile Include="..\Classes\MapData.cpp">
      <Filter>src\Resources\Map</Filter>
    </ClCompile>
    <ClCompile Include="..\Classes\UiLayer.cpp">
      <Filter>src\Layer</Filter>
    </ClCompile>
    <ClCompile Include="..\Classes\CameraManager.cpp">
      <Filter>src\etc</Filter>
    </ClCompile>
    <ClCompile Include="..\Classes\MapTree.cpp">
      <Filter>src\AI\MapTree</Filter>
    </ClCompile>
    <ClCompile Include="..\Classes\SuperNode.cpp">
      <Filter>src\AI\MapTree</Filter>
    </ClCompile>
    <ClCompile Include="..\Classes\MegaNode.cpp">
      <Filter>src\AI\MapTree</Filter>
    </ClCompile>
    <ClCompile Include="..\Classes\MiniNode.cpp">
      <Filter>src\AI\MapTree</Filter>
    </ClCompile>
    <ClCompile Include="..\Classes\AIManager.cpp" />
    <ClCompile Include="..\Classes\OrderManager.cpp" />
  </ItemGroup>
  <ItemGroup>
    <ClInclude Include="main.h">
      <Filter>win32</Filter>
    </ClInclude>
    <ClInclude Include="..\Classes\Unit.h">
      <Filter>src\Unit</Filter>
    </ClInclude>
    <ClInclude Include="..\Classes\UnitAnimation.h">
      <Filter>src\Unit</Filter>
    </ClInclude>
    <ClInclude Include="..\Classes\UnitWeapon.h">
      <Filter>src\Unit</Filter>
    </ClInclude>
    <ClInclude Include="..\Classes\InputManager.h">
      <Filter>src\Input</Filter>
    </ClInclude>
    <ClInclude Include="..\Classes\KeyboardManager.h">
      <Filter>src\Input</Filter>
    </ClInclude>
    <ClInclude Include="..\Classes\UnitLayer.h">
      <Filter>src\Layer</Filter>
    </ClInclude>
    <ClInclude Include="..\Classes\InputInfo.h">
      <Filter>src\Input</Filter>
    </ClInclude>
    <ClInclude Include="..\Classes\MouseInfo.h">
      <Filter>src\Input</Filter>
    </ClInclude>
    <ClInclude Include="..\Classes\AppDelegate.h">
      <Filter>src\etc</Filter>
    </ClInclude>
    <ClInclude Include="..\Classes\Header.h">
      <Filter>src\etc</Filter>
    </ClInclude>
    <ClInclude Include="..\Classes\HelloWorldScene.h">
      <Filter>src\etc</Filter>
    </ClInclude>
    <ClInclude Include="..\Classes\MouseManager.h">
      <Filter>src\Input</Filter>
    </ClInclude>
    <ClInclude Include="..\Classes\PlayerUnitManager.h">
      <Filter>src\Unit</Filter>
    </ClInclude>
    <ClInclude Include="..\Classes\UnitManager.h">
      <Filter>src\Unit</Filter>
    </ClInclude>
    <ClInclude Include="..\Classes\BackGroundLayer.h">
      <Filter>src\Layer</Filter>
    </ClInclude>
    <ClInclude Include="..\Classes\MapFileInfo.h">
      <Filter>src\Resources\Map</Filter>
    </ClInclude>
    <ClInclude Include="..\Classes\TemplateSingleton.h">
      <Filter>src\etc</Filter>
    </ClInclude>
    <ClInclude Include="..\Classes\PickingManager.h">
      <Filter>src\etc</Filter>
    </ClInclude>
    <ClInclude Include="..\Classes\ResourcesManager.h">
      <Filter>src\Resources</Filter>
    </ClInclude>
    <ClInclude Include="..\Classes\BitmapFileLoadManager.h">
      <Filter>src\Resources\Bitmap</Filter>
    </ClInclude>
    <ClInclude Include="..\Classes\Bitmap.h">
      <Filter>src\Resources\Bitmap</Filter>
    </ClInclude>
    <ClInclude Include="..\Classes\BitmapManager.h">
      <Filter>src\Resources\Bitmap</Filter>
    </ClInclude>
    <ClInclude Include="..\Classes\BitmapColorKeyConverter.h">
      <Filter>src\Resources\Bitmap</Filter>
    </ClInclude>
    <ClInclude Include="..\Classes\StarcraftMapCreator.h">
      <Filter>src\Resources\Bitmap</Filter>
    </ClInclude>
    <ClInclude Include="..\Classes\MapData.h">
      <Filter>src\Resources\Map</Filter>
    </ClInclude>
    <ClInclude Include="..\Classes\UiLayer.h">
      <Filter>src\Layer</Filter>
    </ClInclude>
    <ClInclude Include="..\Classes\CameraManager.h">
      <Filter>src\etc</Filter>
    </ClInclude>
    <ClInclude Include="..\Classes\MapTree.h">
      <Filter>src\AI\MapTree</Filter>
    </ClInclude>
    <ClInclude Include="..\Classes\SuperNode.h">
      <Filter>src\AI\MapTree</Filter>
    </ClInclude>
    <ClInclude Include="..\Classes\MegaNode.h">
      <Filter>src\AI\MapTree</Filter>
    </ClInclude>
    <ClInclude Include="..\Classes\MiniNode.h">
      <Filter>src\AI\MapTree</Filter>
    </ClInclude>
    <ClInclude Include="..\Classes\AIManager.h">
      <Filter>src\AI</Filter>
    </ClInclude>
    <ClInclude Include="..\Classes\OrderManager.h">
      <Filter>src\AI</Filter>
    </ClInclude>
  </ItemGroup>
  <ItemGroup>
    <ResourceCompile Include="game.rc">
      <Filter>resource</Filter>
    </ResourceCompile>
  </ItemGroup>
</Project>